
Microsoft Visual Studio Solution File, Format Version 12.00
# Visual Studio Version 17
VisualStudioVersion = 17.1.32328.378
MinimumVisualStudioVersion = 10.0.40219.1
Project("{2150E333-8FDC-42A3-9474-1A3956D46DE8}") = "Domain", "Domain", "{3396B866-432E-441B-AFB1-6D531A1C0B24}"
EndProject
Project("{2150E333-8FDC-42A3-9474-1A3956D46DE8}") = "Service", "Service", "{C70400EB-5AA2-49D8-93C2-6F7875CC824C}"
EndProject
Project("{FAE04EC0-301F-11D3-BF4B-00C04F79EFBC}") = "Domain", "Domain\Domain.csproj", "{BF40DC30-03AB-4AFB-ABAF-B3D32D712003}"
EndProject
Project("{FAE04EC0-301F-11D3-BF4B-00C04F79EFBC}") = "Service", "Service\Service.csproj", "{D84D203A-A942-43F7-A583-58B2EA19D4CD}"
EndProject
Global
	GlobalSection(SolutionConfigurationPlatforms) = preSolution
		Debug|Any CPU = Debug|Any CPU
		Release|Any CPU = Release|Any CPU
	EndGlobalSection
	GlobalSection(ProjectConfigurationPlatforms) = postSolution
		{BF40DC30-03AB-4AFB-ABAF-B3D32D712003}.Debug|Any CPU.ActiveCfg = Debug|Any CPU
		{BF40DC30-03AB-4AFB-ABAF-B3D32D712003}.Debug|Any CPU.Build.0 = Debug|Any CPU
		{BF40DC30-03AB-4AFB-ABAF-B3D32D712003}.Release|Any CPU.ActiveCfg = Release|Any CPU
		{BF40DC30-03AB-4AFB-ABAF-B3D32D712003}.Release|Any CPU.Build.0 = Release|Any CPU
		{D84D203A-A942-43F7-A583-58B2EA19D4CD}.Debug|Any CPU.ActiveCfg = Debug|Any CPU
		{D84D203A-A942-43F7-A583-58B2EA19D4CD}.Debug|Any CPU.Build.0 = Debug|Any CPU
		{D84D203A-A942-43F7-A583-58B2EA19D4CD}.Release|Any CPU.ActiveCfg = Release|Any CPU
		{D84D203A-A942-43F7-A583-58B2EA19D4CD}.Release|Any CPU.Build.0 = Release|Any CPU
	EndGlobalSection
	GlobalSection(SolutionProperties) = preSolution
		HideSolutionNode = FALSE
	EndGlobalSection
	GlobalSection(NestedProjects) = preSolution
		{BF40DC30-03AB-4AFB-ABAF-B3D32D712003} = {3396B866-432E-441B-AFB1-6D531A1C0B24}
		{D84D203A-A942-43F7-A583-58B2EA19D4CD} = {C70400EB-5AA2-49D8-93C2-6F7875CC824C}
	EndGlobalSection
	GlobalSection(ExtensibilityGlobals) = postSolution
		SolutionGuid = {28A1E450-B3D7-451F-AE02-636A7E2D22B0}
	EndGlobalSection
EndGlobal
